
Microsoft Visual Studio Solution File, Format Version 12.00
# Visual Studio Version 17
VisualStudioVersion = 17.3.32825.248
MinimumVisualStudioVersion = 10.0.40219.1
Project("{9A19103F-16F7-4668-BE54-9A1E7A4F7556}") = "CapaDatos", "CapaDatos\CapaDatos.csproj", "{18763E27-083E-483B-9DFD-A76B2049DE8F}"
EndProject
Project("{9A19103F-16F7-4668-BE54-9A1E7A4F7556}") = "Todo", "Todo\Todo.csproj", "{8AA69CBC-C13B-4D93-BE84-2482DDA2F00A}"
EndProject
Global
	GlobalSection(SolutionConfigurationPlatforms) = preSolution
		Debug|Any CPU = Debug|Any CPU
		Release|Any CPU = Release|Any CPU
	EndGlobalSection
	GlobalSection(ProjectConfigurationPlatforms) = postSolution
		{18763E27-083E-483B-9DFD-A76B2049DE8F}.Debug|Any CPU.ActiveCfg = Debug|Any CPU
		{18763E27-083E-483B-9DFD-A76B2049DE8F}.Debug|Any CPU.Build.0 = Debug|Any CPU
		{18763E27-083E-483B-9DFD-A76B2049DE8F}.Release|Any CPU.ActiveCfg = Release|Any CPU
		{18763E27-083E-483B-9DFD-A76B2049DE8F}.Release|Any CPU.Build.0 = Release|Any CPU
		{8AA69CBC-C13B-4D93-BE84-2482DDA2F00A}.Debug|Any CPU.ActiveCfg = Debug|Any CPU
		{8AA69CBC-C13B-4D93-BE84-2482DDA2F00A}.Debug|Any CPU.Build.0 = Debug|Any CPU
		{8AA69CBC-C13B-4D93-BE84-2482DDA2F00A}.Release|Any CPU.ActiveCfg = Release|Any CPU
		{8AA69CBC-C13B-4D93-BE84-2482DDA2F00A}.Release|Any CPU.Build.0 = Release|Any CPU
	EndGlobalSection
	GlobalSection(SolutionProperties) = preSolution
		HideSolutionNode = FALSE
	EndGlobalSection
	GlobalSection(ExtensibilityGlobals) = postSolution
		SolutionGuid = {3EB45B3F-EC6D-4419-B5DF-77C8450CCD5D}
	EndGlobalSection
EndGlobal
